PODS:
  - Alamofire (5.4.3)
  - AuthKit (1.3.1):
    - Alamofire (~> 5.2)
    - NCUtils (~> 1.4)
    - SnapKit (~> 5.0)
  - NCUtils (1.4.3):
    - NCUtils/Colors (= 1.4.3)
    - NCUtils/Extensions (= 1.4.3)
    - NCUtils/Fonts (= 1.4.3)
    - NCUtils/TextFields (= 1.4.3)
  - NCUtils/Colors (1.4.3):
    - NCUtils/Extensions
  - NCUtils/Extensions (1.4.3)
  - NCUtils/Fonts (1.4.3):
    - NCUtils/Extensions
  - NCUtils/TextFields (1.4.3):
    - NCUtils/Colors
    - NCUtils/Fonts
  - SnapKit (5.0.1)
  - Stripe (21.7.0):
    - Stripe/Stripe3DS2 (= 21.7.0)
    - StripeCore (= 21.7.0)
  - Stripe/Stripe3DS2 (21.7.0):
    - StripeCore (= 21.7.0)
  - StripeCore (21.7.0)

DEPENDENCIES:
  - Alamofire (~> 5.2)
  - AuthKit (~> 1.3)
  - NCUtils (~> 1.4)
  - SnapKit (~> 5.0.0)
  - Stripe (~> 21.7)

SPEC REPOS:
  https://github.com/NomahCoffee/NCPodspec.git:
    - AuthKit
    - NCUtils
  trunk:
    - Alamofire
    - SnapKit
    - Stripe
    - StripeCore

SPEC CHECKSUMS:
  Alamofire: e447a2774a40c996748296fa2c55112fdbbc42f9
  AuthKit: cf3f027598ab5017e2472cd9fa41a1909c5e3d5f
  NCUtils: 21fc81bb23080740d30a52273dfb54271fb20989
  SnapKit: 97b92857e3df3a0c71833cce143274bf6ef8e5eb
  Stripe: 90596971ef49bade169f68bc59369a796b30a045
  StripeCore: c09b492efc3b269a6ff875ad738ca366db97e03b

PODFILE CHECKSUM: d189ba6e6807a370d32eea21523fc74b4ef51e31

COCOAPODS: 1.10.1
